// !$*UTF8*$!
{
	archiveVersion = 1;
	classes = {
	};
	objectVersion = 46;
	objects = {

/* Begin PBXBuildFile section */
		B3B55D7A1D7C0B3E00E3D3FE /* AppDelegate.swift in Sources */ = {isa = PBXBuildFile; fileRef = B3B55D791D7C0B3E00E3D3FE /* AppDelegate.swift */; };
		B3B55D7C1D7C0B3E00E3D3FE /* FirstViewController.swift in Sources */ = {isa = PBXBuildFile; fileRef = B3B55D7B1D7C0B3E00E3D3FE /* FirstViewController.swift */; };
		B3B55D7E1D7C0B3E00E3D3FE /* SecondViewController.swift in Sources */ = {isa = PBXBuildFile; fileRef = B3B55D7D1D7C0B3E00E3D3FE /* SecondViewController.swift */; };
		B3B55D811D7C0B3E00E3D3FE /* Main.storyboard in Resources */ = {isa = PBXBuildFile; fileRef = B3B55D7F1D7C0B3E00E3D3FE /* Main.storyboard */; };
		B3B55D831D7C0B3E00E3D3FE /* Assets.xcassets in Resources */ = {isa = PBXBuildFile; fileRef = B3B55D821D7C0B3E00E3D3FE /* Assets.xcassets */; };
		B3B55D861D7C0B3E00E3D3FE /* LaunchScreen.storyboard in Resources */ = {isa = PBXBuildFile; fileRef = B3B55D841D7C0B3E00E3D3FE /* LaunchScreen.storyboard */; };
		B3B55D8E1D7C0C1400E3D3FE /* BlueButton.swift in Sources */ = {isa = PBXBuildFile; fileRef = B3B55D8D1D7C0C1400E3D3FE /* BlueButton.swift */; };
/* End PBXBuildFile section */

/* Begin PBXFileReference section */
		B3B55D761D7C0B3E00E3D3FE /* custom-view.app */ = {isa = PBXFileReference; explicitFileType = wrapper.application; includeInIndex = 0; path = "custom-view.app"; sourceTree = BUILT_PRODUCTS_DIR; };
		B3B55D791D7C0B3E00E3D3FE /* AppDelegate.swift */ = {isa = PBXFileReference; lastKnownFileType = sourcecode.swift; path = AppDelegate.swift; sourceTree = "<group>"; };
		B3B55D7B1D7C0B3E00E3D3FE /* FirstViewController.swift */ = {isa = PBXFileReference; lastKnownFileType = sourcecode.swift; path = FirstViewController.swift; sourceTree = "<group>"; };
		B3B55D7D1D7C0B3E00E3D3FE /* SecondViewController.swift */ = {isa = PBXFileReference; lastKnownFileType = sourcecode.swift; path = SecondViewController.swift; sourceTree = "<group>"; };
		B3B55D801D7C0B3E00E3D3FE /* Base */ = {isa = PBXFileReference; lastKnownFileType = file.storyboard; name = Base; path = Base.lproj/Main.storyboard; sourceTree = "<group>"; };
		B3B55D821D7C0B3E00E3D3FE /* Assets.xcassets */ = {isa = PBXFileReference; lastKnownFileType = folder.assetcatalog; path = Assets.xcassets; sourceTree = "<group>"; };
		B3B55D851D7C0B3E00E3D3FE /* Base */ = {isa = PBXFileReference; lastKnownFileType = file.storyboard; name = Base; path = Base.lproj/LaunchScreen.storyboard; sourceTree = "<group>"; };
		B3B55D871D7C0B3E00E3D3FE /* Info.plist */ = {isa = PBXFileReference; lastKnownFileType = text.plist.xml; path = Info.plist; sourceTree = "<group>"; };
		B3B55D8D1D7C0C1400E3D3FE /* BlueButton.swift */ = {isa = PBXFileReference; fileEncoding = 4; lastKnownFileType = sourcecode.swift; path = BlueButton.swift; sourceTree = "<group>"; };
/* End PBXFileReference section */

/* Begin PBXFrameworksBuildPhase section */
		B3B55D731D7C0B3E00E3D3FE /* Frameworks */ = {
			isa = PBXFrameworksBuildPhase;
			buildActionMask = 2147483647;
			files = (
			);
			runOnlyForDeploymentPostprocessing = 0;
		};
/* End PBXFrameworksBuildPhase section */

/* Begin PBXGroup section */
		B3B55D6D1D7C0B3E00E3D3FE = {
			isa = PBXGroup;
			children = (
				B3B55D781D7C0B3E00E3D3FE /* custom-view */,
				B3B55D771D7C0B3E00E3D3FE /* Products */,
			);
			sourceTree = "<group>";
		};
		B3B55D771D7C0B3E00E3D3FE /* Products */ = {
			isa = PBXGroup;
			children = (
				B3B55D761D7C0B3E00E3D3FE /* custom-view.app */,
			);
			name = Products;
			sourceTree = "<group>";
		};
		B3B55D781D7C0B3E00E3D3FE /* custom-view */ = {
			isa = PBXGroup;
			children = (
				B3B55D791D7C0B3E00E3D3FE /* AppDelegate.swift */,
				B3B55D7B1D7C0B3E00E3D3FE /* FirstViewController.swift */,
				B3B55D7D1D7C0B3E00E3D3FE /* SecondViewController.swift */,
				B3B55D7F1D7C0B3E00E3D3FE /* Main.storyboard */,
				B3B55D821D7C0B3E00E3D3FE /* Assets.xcassets */,
				B3B55D841D7C0B3E00E3D3FE /* LaunchScreen.storyboard */,
				B3B55D871D7C0B3E00E3D3FE /* Info.plist */,
				B3B55D8D1D7C0C1400E3D3FE /* BlueButton.swift */,
			);
			path = "custom-view";
			sourceTree = "<group>";
		};
/* End PBXGroup section */

/* Begin PBXNativeTarget section */
		B3B55D751D7C0B3E00E3D3FE /* custom-view */ = {
			isa = PBXNativeTarget;
			buildConfigurationList = B3B55D8A1D7C0B3E00E3D3FE /* Build configuration list for PBXNativeTarget "custom-view" */;
			buildPhases = (
				B3B55D721D7C0B3E00E3D3FE /* Sources */,
				B3B55D731D7C0B3E00E3D3FE /* Frameworks */,
				B3B55D741D7C0B3E00E3D3FE /* Resources */,
			);
			buildRules = (
			);
			dependencies = (
			);
			name = "custom-view";
			productName = "custom-view";
			productReference = B3B55D761D7C0B3E00E3D3FE /* custom-view.app */;
			productType = "com.apple.product-type.application";
		};
/* End PBXNativeTarget section */

/* Begin PBXProject section */
		B3B55D6E1D7C0B3E00E3D3FE /* Project object */ = {
			isa = PBXProject;
			attributes = {
				LastSwiftUpdateCheck = 0730;
				LastUpgradeCheck = 0730;
				ORGANIZATIONNAME = Undisclosure;
				TargetAttributes = {
					B3B55D751D7C0B3E00E3D3FE = {
						CreatedOnToolsVersion = 7.3.1;
					};
				};
			};
			buildConfigurationList = B3B55D711D7C0B3E00E3D3FE /* Build configuration list for PBXProject "custom-view" */;
			compatibilityVersion = "Xcode 3.2";
			developmentRegion = English;
			hasScannedForEncodings = 0;
			knownRegions = (
				en,
				Base,
			);
			mainGroup = B3B55D6D1D7C0B3E00E3D3FE;
			productRefGroup = B3B55D771D7C0B3E00E3D3FE /* Products */;
			projectDirPath = "";
			projectRoot = "";
			targets = (
				B3B55D751D7C0B3E00E3D3FE /* custom-view */,
			);
		};
/* End PBXProject section */

/* Begin PBXResourcesBuildPhase section */
		B3B55D741D7C0B3E00E3D3FE /* Resources */ = {
			isa = PBXResourcesBuildPhase;
			buildActionMask = 2147483647;
			files = (
				B3B55D861D7C0B3E00E3D3FE /* LaunchScreen.storyboard in Resources */,
				B3B55D831D7C0B3E00E3D3FE /* Assets.xcassets in Resources */,
				B3B55D811D7C0B3E00E3D3FE /* Main.storyboard in Resources */,
			);
			runOnlyForDeploymentPostprocessing = 0;
		};
/* End PBXResourcesBuildPhase section */

/* Begin PBXSourcesBuildPhase section */
		B3B55D721D7C0B3E00E3D3FE /* Sources */ = {
			isa = PBXSourcesBuildPhase;
			buildActionMask = 2147483647;
			files = (
				B3B55D7E1D7C0B3E00E3D3FE /* SecondViewController.swift in Sources */,
				B3B55D7A1D7C0B3E00E3D3FE /* AppDelegate.swift in Sources */,
				B3B55D7C1D7C0B3E00E3D3FE /* FirstViewController.swift in Sources */,
				B3B55D8E1D7C0C1400E3D3FE /* BlueButton.swift in Sources */,
			);
			runOnlyForDeploymentPostprocessing = 0;
		};
/* End PBXSourcesBuildPhase section */

/* Begin PBXVariantGroup section */
		B3B55D7F1D7C0B3E00E3D3FE /* Main.storyboard */ = {
			isa = PBXVariantGroup;
			children = (
				B3B55D801D7C0B3E00E3D3FE /* Base */,
			);
			name = Main.storyboard;
			sourceTree = "<group>";
		};
		B3B55D841D7C0B3E00E3D3FE /* LaunchScreen.storyboard */ = {
			isa = PBXVariantGroup;
			children = (
				B3B55D851D7C0B3E00E3D3FE /* Base */,
			);
			name = LaunchScreen.storyboard;
			sourceTree = "<group>";
		};
/* End PBXVariantGroup section */

/* Begin XCBuildConfiguration section */
		B3B55D881D7C0B3E00E3D3FE /* Debug */ = {
			isa = XCBuildConfiguration;
			buildSettings = {
				ALWAYS_SEARCH_USER_PATHS = NO;
				CLANG_ANALYZER_NONNULL = YES;
				CLANG_CXX_LANGUAGE_STANDARD = "gnu++0x";
				CLANG_CXX_LIBRARY = "libc++";
				CLANG_ENABLE_MODULES = YES;
				CLANG_ENABLE_OBJC_ARC = YES;
				CLANG_WARN_BOOL_CONVERSION = YES;
				CLANG_WARN_CONSTANT_CONVERSION = YES;
				CLANG_WARN_DIRECT_OBJC_ISA_USAGE = YES_ERROR;
				CLANG_WARN_EMPTY_BODY = YES;
				CLANG_WARN_ENUM_CONVERSION = YES;
				CLANG_WARN_INT_CONVERSION = YES;
				CLANG_WARN_OBJC_ROOT_CLASS = YES_ERROR;
				CLANG_WARN_UNREACHABLE_CODE = YES;
				CLANG_WARN__DUPLICATE_METHOD_MATCH = YES;
				"CODE_SIGN_IDENTITY[sdk=iphoneos*]" = "iPhone Developer";
				COPY_PHASE_STRIP = NO;
				DEBUG_INFORMATION_FORMAT = dwarf;
				ENABLE_STRICT_OBJC_MSGSEND = YES;
				ENABLE_TESTABILITY = YES;
				GCC_C_LANGUAGE_STANDARD = gnu99;
				GCC_DYNAMIC_NO_PIC = NO;
				GCC_NO_COMMON_BLOCKS = YES;
				GCC_OPTIMIZATION_LEVEL = 0;
				GCC_PREPROCESSOR_DEFINITIONS = (
					"DEBUG=1",
					"$(inherited)",
				);
				GCC_WARN_64_TO_32_BIT_CONVERSION = YES;
				GCC_WARN_ABOUT_RETURN_TYPE = YES_ERROR;
				GCC_WARN_UNDECLARED_SELECTOR = YES;
				GCC_WARN_UNINITIALIZED_AUTOS = YES_AGGRESSIVE;
				GCC_WARN_UNUSED_FUNCTION = YES;
				GCC_WARN_UNUSED_VARIABLE = YES;
				IPHONEOS_DEPLOYMENT_TARGET = 9.3;
				MTL_ENABLE_DEBUG_INFO = YES;
				ONLY_ACTIVE_ARCH = YES;
				SDKROOT = iphoneos;
				SWIFT_OPTIMIZATION_LEVEL = "-Onone";
			};
			name = Debug;
		};
		B3B55D891D7C0B3E00E3D3FE /* Release */ = {
			isa = XCBuildConfiguration;
			buildSettings = {
				ALWAYS_SEARCH_USER_PATHS = NO;
				CLANG_ANALYZER_NONNULL = YES;
				CLANG_CXX_LANGUAGE_STANDARD = "gnu++0x";
				CLANG_CXX_LIBRARY = "libc++";
				CLANG_ENABLE_MODULES = YES;
				CLANG_ENABLE_OBJC_ARC = YES;
				CLANG_WARN_BOOL_CONVERSION = YES;
				CLANG_WARN_CONSTANT_CONVERSION = YES;
				CLANG_WARN_DIRECT_OBJC_ISA_USAGE = YES_ERROR;
				CLANG_WARN_EMPTY_BODY = YES;
				CLANG_WARN_ENUM_CONVERSION = YES;
				CLANG_WARN_INT_CONVERSION = YES;
				CLANG_WARN_OBJC_ROOT_CLASS = YES_ERROR;
				CLANG_WARN_UNREACHABLE_CODE = YES;
				CLANG_WARN__DUPLICATE_METHOD_MATCH = YES;
				"CODE_SIGN_IDENTITY[sdk=iphoneos*]" = "iPhone Developer";
				COPY_PHASE_STRIP = NO;
				DEBUG_INFORMATION_FORMAT = "dwarf-with-dsym";
				ENABLE_NS_ASSERTIONS = NO;
				ENABLE_STRICT_OBJC_MSGSEND = YES;
				GCC_C_LANGUAGE_STANDARD = gnu99;
				GCC_NO_COMMON_BLOCKS = YES;
				GCC_WARN_64_TO_32_BIT_CONVERSION = YES;
				GCC_WARN_ABOUT_RETURN_TYPE = YES_ERROR;
				GCC_WARN_UNDECLARED_SELECTOR = YES;
				GCC_WARN_UNINITIALIZED_AUTOS = YES_AGGRESSIVE;
				GCC_WARN_UNUSED_FUNCTION = YES;
				GCC_WARN_UNUSED_VARIABLE = YES;
				IPHONEOS_DEPLOYMENT_TARGET = 9.3;
				MTL_ENABLE_DEBUG_INFO = NO;
				SDKROOT = iphoneos;
				VALIDATE_PRODUCT = YES;
			};
			name = Release;
		};
		B3B55D8B1D7C0B3E00E3D3FE /* Debug */ = {
			isa = XCBuildConfiguration;
			buildSettings = {
				ASSETCATALOG_COMPILER_APPICON_NAME = AppIcon;
				INFOPLIST_FILE = "custom-view/Info.plist";
				LD_RUNPATH_SEARCH_PATHS = "$(inherited) @executable_path/Frameworks";
				PRODUCT_BUNDLE_IDENTIFIER = "test.custom-view";
				PRODUCT_NAME = "$(TARGET_NAME)";
			};
			name = Debug;
		};
		B3B55D8C1D7C0B3E00E3D3FE /* Release */ = {
			isa = XCBuildConfiguration;
			buildSettings = {
				ASSETCATALOG_COMPILER_APPICON_NAME = AppIcon;
				INFOPLIST_FILE = "custom-view/Info.plist";
				LD_RUNPATH_SEARCH_PATHS = "$(inherited) @executable_path/Frameworks";
				PRODUCT_BUNDLE_IDENTIFIER = "test.custom-view";
				PRODUCT_NAME = "$(TARGET_NAME)";
			};
			name = Release;
		};
/* End XCBuildConfiguration section */

/* Begin XCConfigurationList section */
		B3B55D711D7C0B3E00E3D3FE /* Build configuration list for PBXProject "custom-view" */ = {
			isa = XCConfigurationList;
			buildConfigurations = (
				B3B55D881D7C0B3E00E3D3FE /* Debug */,
				B3B55D891D7C0B3E00E3D3FE /* Release */,
			);
			defaultConfigurationIsVisible = 0;
			defaultConfigurationName = Release;
		};
		B3B55D8A1D7C0B3E00E3D3FE /* Build configuration list for PBXNativeTarget "custom-view" */ = {
			isa = XCConfigurationList;
			buildConfigurations = (
				B3B55D8B1D7C0B3E00E3D3FE /* Debug */,
				B3B55D8C1D7C0B3E00E3D3FE /* Release */,
			);
			defaultConfigurationIsVisible = 0;
		};
/* End XCConfigurationList section */
	};
	rootObject = B3B55D6E1D7C0B3E00E3D3FE /* Project object */;
}
